{
  "name": "hexor-hooks",
  "version": "1.0.0",
  "lockfileVersion": 2,
  "requires": true,
  "packages": {
    "": {
      "name": "hexor-hooks",
      "version": "1.0.0",
      "license": "ISC",
      "dependencies": {
        "@vue/composition-api": "^1.6.2"
      }
    },
    "node_modules/@vue/composition-api": {
      "version": "1.6.2",
      "resolved": "https://registry.npmmirror.com/@vue/composition-api/-/composition-api-1.6.2.tgz",
      "integrity": "sha512-g6pCOaAB5Z987EwCBIDanRlramrgnWfrrYS8F/0axn2AL8EvyfAebDcLTSr48hac0G0rqC9ODp5LWaiupzl6Tw==",
      "peerDependencies": {
        "vue": ">= 2.5 < 3"
      }
    },
    "node_modules/vue": {
      "version": "2.6.14",
      "resolved": "https://registry.npmmirror.com/vue/-/vue-2.6.14.tgz",
      "integrity": "sha512-x2284lgYvjOMj3Za7kqzRcUSxBboHqtgRE2zlos1qWaOye5yUmHn42LB1250NJBLRwEcdrB0JRwyPTEPhfQjiQ==",
      "peer": true
    }
  },
  "dependencies": {
    "@vue/composition-api": {
      "version": "1.6.2",
      "resolved": "https://registry.npmmirror.com/@vue/composition-api/-/composition-api-1.6.2.tgz",
      "integrity": "sha512-g6pCOaAB5Z987EwCBIDanRlramrgnWfrrYS8F/0axn2AL8EvyfAebDcLTSr48hac0G0rqC9ODp5LWaiupzl6Tw==",
      "requires": {}
    },
    "vue": {
      "version": "2.6.14",
      "resolved": "https://registry.npmmirror.com/vue/-/vue-2.6.14.tgz",
      "integrity": "sha512-x2284lgYvjOMj3Za7kqzRcUSxBboHqtgRE2zlos1qWaOye5yUmHn42LB1250NJBLRwEcdrB0JRwyPTEPhfQjiQ==",
      "peer": true
    }
  }
}
